
Microsoft Visual Studio Solution File, Format Version 12.00
# Visual Studio Version 17
VisualStudioVersion = 17.0.31903.59
MinimumVisualStudioVersion = 10.0.40219.1
Project("{FAE04EC0-301F-11D3-BF4B-00C04F79EFBC}") = "TollAppWebApp", "TollAppWebApp\TollAppWebApp.csproj", "{EB12B45A-0F22-439A-A43F-7418C2ABACCC}"
EndProject
Global
	GlobalSection(SolutionConfigurationPlatforms) = preSolution
		Debug|Any CPU = Debug|Any CPU
		Release|Any CPU = Release|Any CPU
	EndGlobalSection
	GlobalSection(SolutionProperties) = preSolution
		HideSolutionNode = FALSE
	EndGlobalSection
	GlobalSection(ProjectConfigurationPlatforms) = postSolution
		{EB12B45A-0F22-439A-A43F-7418C2ABACCC}.Debug|Any CPU.ActiveCfg = Debug|Any CPU
		{EB12B45A-0F22-439A-A43F-7418C2ABACCC}.Debug|Any CPU.Build.0 = Debug|Any CPU
		{EB12B45A-0F22-439A-A43F-7418C2ABACCC}.Release|Any CPU.ActiveCfg = Release|Any CPU
		{EB12B45A-0F22-439A-A43F-7418C2ABACCC}.Release|Any CPU.Build.0 = Release|Any CPU
	EndGlobalSection
EndGlobal
